
Microsoft Visual Studio Solution File, Format Version 12.00
# Visual Studio 14
VisualStudioVersion = 14.0.25420.1
MinimumVisualStudioVersion = 10.0.40219.1
Project("{FAE04EC0-301F-11D3-BF4B-00C04F79EFBC}") = "Splash", "Splash\Splash.csproj", "{C47BA134-6FF6-4969-A457-0E689EB2DCE3}"
EndProject
Project("{FAE04EC0-301F-11D3-BF4B-00C04F79EFBC}") = "Splash.Interfaces", "Splash.Interfaces\Splash.Interfaces.csproj", "{092D5B2B-8DEF-4F74-9411-8B78313E103A}"
EndProject
Project("{FAE04EC0-301F-11D3-BF4B-00C04F79EFBC}") = "Splash.Tests", "Splash.Tests\Splash.Tests.csproj", "{DEFFCF1C-2BA5-4267-81EF-8F1B8114B6B2}"
EndProject
Global
	GlobalSection(SolutionConfigurationPlatforms) = preSolution
		Debug|Any CPU = Debug|Any CPU
		Release|Any CPU = Release|Any CPU
	EndGlobalSection
	GlobalSection(ProjectConfigurationPlatforms) = postSolution
		{C47BA134-6FF6-4969-A457-0E689EB2DCE3}.Debug|Any CPU.ActiveCfg = Debug|Any CPU
		{C47BA134-6FF6-4969-A457-0E689EB2DCE3}.Debug|Any CPU.Build.0 = Debug|Any CPU
		{C47BA134-6FF6-4969-A457-0E689EB2DCE3}.Release|Any CPU.ActiveCfg = Release|Any CPU
		{C47BA134-6FF6-4969-A457-0E689EB2DCE3}.Release|Any CPU.Build.0 = Release|Any CPU
		{092D5B2B-8DEF-4F74-9411-8B78313E103A}.Debug|Any CPU.ActiveCfg = Debug|Any CPU
		{092D5B2B-8DEF-4F74-9411-8B78313E103A}.Debug|Any CPU.Build.0 = Debug|Any CPU
		{092D5B2B-8DEF-4F74-9411-8B78313E103A}.Release|Any CPU.ActiveCfg = Release|Any CPU
		{092D5B2B-8DEF-4F74-9411-8B78313E103A}.Release|Any CPU.Build.0 = Release|Any CPU
		{DEFFCF1C-2BA5-4267-81EF-8F1B8114B6B2}.Debug|Any CPU.ActiveCfg = Debug|Any CPU
		{DEFFCF1C-2BA5-4267-81EF-8F1B8114B6B2}.Debug|Any CPU.Build.0 = Debug|Any CPU
		{DEFFCF1C-2BA5-4267-81EF-8F1B8114B6B2}.Release|Any CPU.ActiveCfg = Release|Any CPU
		{DEFFCF1C-2BA5-4267-81EF-8F1B8114B6B2}.Release|Any CPU.Build.0 = Release|Any CPU
	EndGlobalSection
	GlobalSection(SolutionProperties) = preSolution
		HideSolutionNode = FALSE
	EndGlobalSection
EndGlobal
